
Microsoft Visual Studio Solution File, Format Version 12.00
Project("{FAE04EC0-301F-11D3-BF4B-00C04F79EFBC}") = "Actividad1", "Actividad1\Actividad1.csproj", "{F394A7D9-727C-4FA1-8521-D49E439CBE0D}"
EndProject
Project("{FAE04EC0-301F-11D3-BF4B-00C04F79EFBC}") = "Actividad2", "Actividad2\Actividad2.csproj", "{8C3DE885-02B0-45C3-BCFB-5BD18B9CF7D1}"
EndProject
Project("{FAE04EC0-301F-11D3-BF4B-00C04F79EFBC}") = "Actividad3", "Actividad3\Actividad3.csproj", "{82B5DA22-76E1-49C8-BA7D-58BF4C89C44B}"
EndProject
Project("{FAE04EC0-301F-11D3-BF4B-00C04F79EFBC}") = "Actividad4", "Actividad4\Actividad4.csproj", "{A2BCB33E-CD76-43BC-B5D5-D308DD06E779}"
EndProject
Project("{FAE04EC0-301F-11D3-BF4B-00C04F79EFBC}") = "Actividad5", "Actividad5\Actividad5.csproj", "{62C6F395-FFC6-477A-9154-E298084F9F7B}"
EndProject
Project("{FAE04EC0-301F-11D3-BF4B-00C04F79EFBC}") = "Actividad6", "Actividad6\Actividad6.csproj", "{1C451CB5-FB4D-46E8-90F5-167BE60FD4EE}"
EndProject
Project("{FAE04EC0-301F-11D3-BF4B-00C04F79EFBC}") = "Actividad7", "Actividad7\Actividad7.csproj", "{EE282CF3-0708-47B8-AD5A-DB86EA949C76}"
EndProject
Global
	GlobalSection(SolutionConfigurationPlatforms) = preSolution
		Debug|Any CPU = Debug|Any CPU
		Release|Any CPU = Release|Any CPU
	EndGlobalSection
	GlobalSection(ProjectConfigurationPlatforms) = postSolution
		{F394A7D9-727C-4FA1-8521-D49E439CBE0D}.Debug|Any CPU.ActiveCfg = Debug|Any CPU
		{F394A7D9-727C-4FA1-8521-D49E439CBE0D}.Debug|Any CPU.Build.0 = Debug|Any CPU
		{F394A7D9-727C-4FA1-8521-D49E439CBE0D}.Release|Any CPU.ActiveCfg = Release|Any CPU
		{F394A7D9-727C-4FA1-8521-D49E439CBE0D}.Release|Any CPU.Build.0 = Release|Any CPU
		{8C3DE885-02B0-45C3-BCFB-5BD18B9CF7D1}.Debug|Any CPU.ActiveCfg = Debug|Any CPU
		{8C3DE885-02B0-45C3-BCFB-5BD18B9CF7D1}.Debug|Any CPU.Build.0 = Debug|Any CPU
		{8C3DE885-02B0-45C3-BCFB-5BD18B9CF7D1}.Release|Any CPU.ActiveCfg = Release|Any CPU
		{8C3DE885-02B0-45C3-BCFB-5BD18B9CF7D1}.Release|Any CPU.Build.0 = Release|Any CPU
		{82B5DA22-76E1-49C8-BA7D-58BF4C89C44B}.Debug|Any CPU.ActiveCfg = Debug|Any CPU
		{82B5DA22-76E1-49C8-BA7D-58BF4C89C44B}.Debug|Any CPU.Build.0 = Debug|Any CPU
		{82B5DA22-76E1-49C8-BA7D-58BF4C89C44B}.Release|Any CPU.ActiveCfg = Release|Any CPU
		{82B5DA22-76E1-49C8-BA7D-58BF4C89C44B}.Release|Any CPU.Build.0 = Release|Any CPU
		{A2BCB33E-CD76-43BC-B5D5-D308DD06E779}.Debug|Any CPU.ActiveCfg = Debug|Any CPU
		{A2BCB33E-CD76-43BC-B5D5-D308DD06E779}.Debug|Any CPU.Build.0 = Debug|Any CPU
		{A2BCB33E-CD76-43BC-B5D5-D308DD06E779}.Release|Any CPU.ActiveCfg = Release|Any CPU
		{A2BCB33E-CD76-43BC-B5D5-D308DD06E779}.Release|Any CPU.Build.0 = Release|Any CPU
		{62C6F395-FFC6-477A-9154-E298084F9F7B}.Debug|Any CPU.ActiveCfg = Debug|Any CPU
		{62C6F395-FFC6-477A-9154-E298084F9F7B}.Debug|Any CPU.Build.0 = Debug|Any CPU
		{62C6F395-FFC6-477A-9154-E298084F9F7B}.Release|Any CPU.ActiveCfg = Release|Any CPU
		{62C6F395-FFC6-477A-9154-E298084F9F7B}.Release|Any CPU.Build.0 = Release|Any CPU
		{1C451CB5-FB4D-46E8-90F5-167BE60FD4EE}.Debug|Any CPU.ActiveCfg = Debug|Any CPU
		{1C451CB5-FB4D-46E8-90F5-167BE60FD4EE}.Debug|Any CPU.Build.0 = Debug|Any CPU
		{1C451CB5-FB4D-46E8-90F5-167BE60FD4EE}.Release|Any CPU.ActiveCfg = Release|Any CPU
		{1C451CB5-FB4D-46E8-90F5-167BE60FD4EE}.Release|Any CPU.Build.0 = Release|Any CPU
		{EE282CF3-0708-47B8-AD5A-DB86EA949C76}.Debug|Any CPU.ActiveCfg = Debug|Any CPU
		{EE282CF3-0708-47B8-AD5A-DB86EA949C76}.Debug|Any CPU.Build.0 = Debug|Any CPU
		{EE282CF3-0708-47B8-AD5A-DB86EA949C76}.Release|Any CPU.ActiveCfg = Release|Any CPU
		{EE282CF3-0708-47B8-AD5A-DB86EA949C76}.Release|Any CPU.Build.0 = Release|Any CPU
	EndGlobalSection
EndGlobal
